
Microsoft Visual Studio Solution File, Format Version 12.00
# Visual Studio Version 16
VisualStudioVersion = 16.0.31129.286
MinimumVisualStudioVersion = 10.0.40219.1
Project("{FAE04EC0-301F-11D3-BF4B-00C04F79EFBC}") = "HelloWPF", "HelloWPF\HelloWPF.csproj", "{EAB83EDE-4AC7-4376-90A1-F86F9A816B55}"
EndProject
Project("{FAE04EC0-301F-11D3-BF4B-00C04F79EFBC}") = "Calculator", "Calculator\Calculator.csproj", "{A7052506-6D59-4B48-890B-55858B4F4DFA}"
EndProject
Project("{FAE04EC0-301F-11D3-BF4B-00C04F79EFBC}") = "CSharpPractice", "CSharpPractice\CSharpPractice.csproj", "{F0BBE37A-2947-4B2F-86BE-853E2EA0378B}"
EndProject
Project("{FAE04EC0-301F-11D3-BF4B-00C04F79EFBC}") = "DesktopContactApp", "DesktopContactApp\DesktopContactApp.csproj", "{C27B8D4B-D16F-4088-9E20-AC06FB1E2B7C}"
EndProject
Global
	GlobalSection(SolutionConfigurationPlatforms) = preSolution
		Debug|Any CPU = Debug|Any CPU
		Release|Any CPU = Release|Any CPU
	EndGlobalSection
	GlobalSection(ProjectConfigurationPlatforms) = postSolution
		{EAB83EDE-4AC7-4376-90A1-F86F9A816B55}.Debug|Any CPU.ActiveCfg = Debug|Any CPU
		{EAB83EDE-4AC7-4376-90A1-F86F9A816B55}.Debug|Any CPU.Build.0 = Debug|Any CPU
		{EAB83EDE-4AC7-4376-90A1-F86F9A816B55}.Release|Any CPU.ActiveCfg = Release|Any CPU
		{EAB83EDE-4AC7-4376-90A1-F86F9A816B55}.Release|Any CPU.Build.0 = Release|Any CPU
		{A7052506-6D59-4B48-890B-55858B4F4DFA}.Debug|Any CPU.ActiveCfg = Debug|Any CPU
		{A7052506-6D59-4B48-890B-55858B4F4DFA}.Debug|Any CPU.Build.0 = Debug|Any CPU
		{A7052506-6D59-4B48-890B-55858B4F4DFA}.Release|Any CPU.ActiveCfg = Release|Any CPU
		{A7052506-6D59-4B48-890B-55858B4F4DFA}.Release|Any CPU.Build.0 = Release|Any CPU
		{F0BBE37A-2947-4B2F-86BE-853E2EA0378B}.Debug|Any CPU.ActiveCfg = Debug|Any CPU
		{F0BBE37A-2947-4B2F-86BE-853E2EA0378B}.Debug|Any CPU.Build.0 = Debug|Any CPU
		{F0BBE37A-2947-4B2F-86BE-853E2EA0378B}.Release|Any CPU.ActiveCfg = Release|Any CPU
		{F0BBE37A-2947-4B2F-86BE-853E2EA0378B}.Release|Any CPU.Build.0 = Release|Any CPU
		{C27B8D4B-D16F-4088-9E20-AC06FB1E2B7C}.Debug|Any CPU.ActiveCfg = Debug|Any CPU
		{C27B8D4B-D16F-4088-9E20-AC06FB1E2B7C}.Debug|Any CPU.Build.0 = Debug|Any CPU
		{C27B8D4B-D16F-4088-9E20-AC06FB1E2B7C}.Release|Any CPU.ActiveCfg = Release|Any CPU
		{C27B8D4B-D16F-4088-9E20-AC06FB1E2B7C}.Release|Any CPU.Build.0 = Release|Any CPU
	EndGlobalSection
	GlobalSection(SolutionProperties) = preSolution
		HideSolutionNode = FALSE
	EndGlobalSection
	GlobalSection(ExtensibilityGlobals) = postSolution
		SolutionGuid = {E6E115D4-FA8B-41D4-8CF8-2665E162C227}
	EndGlobalSection
EndGlobal
